{
    "_readme": [
        "This file locks the dependencies of your project to a known state",
        "Read more about it at https://getcomposer.org/doc/01-basic-usage.md#composer-lock-the-lock-file",
        "This file is @generated automatically"
    ],
    "hash": "3c782f3a224bfa62a1b3fb37bcc5a118",
    "content-hash": "2dedb40959bad9b3dd313ac5b9785ec2",
    "packages": [
        {
            "name": "components/jquery",
            "version": "3.1.1",
            "source": {
                "type": "git",
                "url": "https://github.com/components/jquery.git",
                "reference": "09a1658378bc1f818856086396ebeab7d0ec2276"
            },
            "dist": {
                "type": "zip",
                "url": "https://api.github.com/repos/components/jquery/zipball/09a1658378bc1f818856086396ebeab7d0ec2276",
                "reference": "09a1658378bc1f818856086396ebeab7d0ec2276",
                "shasum": ""
            },
            "type": "component",
            "extra": {
                "component": {
                    "scripts": [
                        "jquery.js"
                    ],
                    "files": [
                        "jquery.min.js",
                        "jquery.min.map"
                    ]
                }
            },
            "notification-url": "https://packagist.org/downloads/",
            "license": [
                "MIT"
            ],
            "authors": [
                {
                    "name": "John Resig",
                    "email": "jeresig@gmail.com"
                }
            ],
            "description": "jQuery JavaScript Library",
            "homepage": "http://jquery.com",
            "time": "2016-09-23 06:06:29"
        },
        {
            "name": "composer/installers",
            "version": "v1.2.0",
            "source": {
                "type": "git",
                "url": "https://github.com/composer/installers.git",
                "reference": "d78064c68299743e0161004f2de3a0204e33b804"
            },
            "dist": {
                "type": "zip",
                "url": "https://api.github.com/repos/composer/installers/zipball/d78064c68299743e0161004f2de3a0204e33b804",
                "reference": "d78064c68299743e0161004f2de3a0204e33b804",
                "shasum": ""
            },
            "require": {
                "composer-plugin-api": "^1.0"
            },
            "replace": {
                "roundcube/plugin-installer": "*",
                "shama/baton": "*"
            },
            "require-dev": {
                "composer/composer": "1.0.*@dev",
                "phpunit/phpunit": "4.1.*"
            },
            "type": "composer-plugin",
            "extra": {
                "class": "Composer\\Installers\\Plugin",
                "branch-alias": {
                    "dev-master": "1.0-dev"
                }
            },
            "autoload": {
                "psr-4": {
                    "Composer\\Installers\\": "src/Composer/Installers"
                }
            },
            "notification-url": "https://packagist.org/downloads/",
            "license": [
                "MIT"
            ],
            "authors": [
                {
                    "name": "Kyle Robinson Young",
                    "email": "kyle@dontkry.com",
                    "homepage": "https://github.com/shama"
                }
            ],
            "description": "A multi-framework Composer library installer",
            "homepage": "https://composer.github.io/installers/",
            "keywords": [
                "Craft",
                "Dolibarr",
                "Hurad",
                "ImageCMS",
                "MODX Evo",
                "Mautic",
                "OXID",
                "Plentymarkets",
                "RadPHP",
                "SMF",
                "Thelia",
                "WolfCMS",
                "agl",
                "aimeos",
                "annotatecms",
                "attogram",
                "bitrix",
                "cakephp",
                "chef",
                "cockpit",
                "codeigniter",
                "concrete5",
                "croogo",
                "dokuwiki",
                "drupal",
                "elgg",
                "expressionengine",
                "fuelphp",
                "grav",
                "installer",
                "joomla",
                "kohana",
                "laravel",
                "lithium",
                "magento",
                "mako",
                "mediawiki",
                "modulework",
                "moodle",
                "phpbb",
                "piwik",
                "ppi",
                "puppet",
                "reindex",
                "roundcube",
                "shopware",
                "silverstripe",
                "symfony",
                "typo3",
                "wordpress",
                "yawik",
                "zend",
                "zikula"
            ],
            "time": "2016-08-13 20:53:52"
        },
        {
            "name": "drmonty/chosen",
            "version": "1.6.1",
            "source": {
                "type": "git",
                "url": "https://github.com/mrohnstock/chosen.git",
                "reference": "9e972317a1d1b758b09af8fbe61040c9d672b513"
            },
            "dist": {
                "type": "zip",
                "url": "https://api.github.com/repos/mrohnstock/chosen/zipball/9e972317a1d1b758b09af8fbe61040c9d672b513",
                "reference": "9e972317a1d1b758b09af8fbe61040c9d672b513",
                "shasum": ""
            },
            "require": {
                "components/jquery": ">=1.4.4",
                "robloach/component-installer": "*"
            },
            "type": "component",
            "extra": {
                "component": {
                    "scripts": [
                        "chosen.jquery.js"
                    ],
                    "files": [
                        "js/chosen.jquery.min.js",
                        "js/chosen.proto.min.js",
                        "css/chosen.min.css",
                        "css/*.png"
                    ],
                    "shim": {
                        "deps": [
                            "jquery"
                        ]
                    }
                }
            },
            "notification-url": "https://packagist.org/downloads/",
            "license": [
                "MIT"
            ],
            "description": "Chosen is a library for making long, unwieldy select boxes more friendly.",
            "homepage": "http://harvesthq.github.io/chosen/",
            "keywords": [
                "dropdown",
                "form",
                "input",
                "multiselect",
                "select",
                "ui"
            ],
            "time": "2016-06-23 06:51:35"
        },
        {
            "name": "drupal/admin_toolbar",
            "version": "1.18.0",
            "source": {
                "type": "git",
                "url": "https://git.drupal.org/project/admin_toolbar",
                "reference": "8.x-1.18"
            },
            "dist": {
                "type": "zip",
                "url": "https://ftp.drupal.org/files/projects/admin_toolbar-8.x-1.18.zip",
                "reference": "8.x-1.18",
                "shasum": "ea5b6b5eb20757fda12e7220819a750e2575359b"
            },
            "require": {
                "drupal/core": "*"
            },
            "type": "drupal-module",
            "extra": {
                "branch-alias": {
                    "dev-1.x": "1.x-dev"
                },
                "drupal": {
                    "version": "8.x-1.18",
                    "datestamp": "1480614184"
                }
            },
            "notification-url": "https://packages.drupal.org/8/downloads",
            "license": [
                "GPL-2.0+"
            ],
            "authors": [
                {
                    "name": "Mohamed Anis Taktak",
                    "homepage": "https://www.drupal.org/u/matio89"
                },
                {
                    "name": "eme",
                    "homepage": "https://www.drupal.org/user/542492"
                },
                {
                    "name": "fethi.krout",
                    "homepage": "https://www.drupal.org/user/3206765"
                },
                {
                    "name": "matio89",
                    "homepage": "https://www.drupal.org/user/2320090"
                },
                {
                    "name": "romainj",
                    "homepage": "https://www.drupal.org/user/370706"
                }
            ],
            "description": "Admin Toolbar improve the default Drupal Toolbar, it lets the hover of sub menus.",
            "homepage": "http://drupal.org/project/admin_toolbar",
            "support": {
                "source": "http://cgit.drupalcode.org/admin_toolbar",
                "issues": "https://www.drupal.org/project/issues/admin_toolbar"
            }
        },
        {
            "name": "drupal/chosen",
            "version": "2.1.0",
            "source": {
                "type": "git",
                "url": "https://git.drupal.org/project/chosen",
                "reference": "8.x-2.1"
            },
            "dist": {
                "type": "zip",
                "url": "https://ftp.drupal.org/files/projects/chosen-8.x-2.1.zip",
                "reference": "8.x-2.1",
                "shasum": "15a5fc30958df4dad656edf334daa5b8594c5a6a"
            },
            "require": {
                "drmonty/chosen": "~1.6",
                "drupal/chosen_lib": "*",
                "drupal/core": "~8.0"
            },
            "type": "drupal-module",
            "extra": {
                "branch-alias": {
                    "dev-2.x": "2.x-dev"
                },
                "drupal": {
                    "version": "8.x-2.1",
                    "datestamp": "1478867639"
                }
            },
            "autoload": {
                "psr-4": {
                    "Drupal\\chosen\\": "src/"
                }
            },
            "notification-url": "https://packages.drupal.org/8/downloads",
            "license": [
                "GPL-2.0+"
            ],
            "authors": [
                {
                    "name": "Cyclodex",
                    "homepage": "https://www.drupal.org/user/1305230"
                },
                {
                    "name": "Dave Reid",
                    "homepage": "https://www.drupal.org/user/53892"
                },
                {
                    "name": "Hydra",
                    "homepage": "https://www.drupal.org/user/647364"
                },
                {
                    "name": "Pol",
                    "homepage": "https://www.drupal.org/user/47194"
                },
                {
                    "name": "aidanlis",
                    "homepage": "https://www.drupal.org/user/502018"
                },
                {
                    "name": "arshadcn",
                    "homepage": "https://www.drupal.org/user/571032"
                },
                {
                    "name": "kalman.hosszu",
                    "homepage": "https://www.drupal.org/user/267481"
                },
                {
                    "name": "nagy.balint",
                    "homepage": "https://www.drupal.org/user/1763952"
                },
                {
                    "name": "supercabbageuk",
                    "homepage": "https://www.drupal.org/user/235438"
                }
            ],
            "description": "Makes select elements more friendly using the Chosen jQuery plugin",
            "homepage": "https://www.drupal.org/project/chosen",
            "keywords": [
                "Chosen",
                "Drupal"
            ],
            "support": {
                "source": "https://drupal.org/project/chosen",
                "issues": "https://drupal.org/project/issues/chosen"
            }
        },
        {
            "name": "drupal/chosen_lib",
            "version": "2.1.0",
            "require": {
                "drupal/chosen": "self.version",
                "drupal/core": "~8.0"
            },
            "type": "metapackage",
            "extra": {
                "branch-alias": {
                    "dev-2.x": "2.x-dev"
                },
                "drupal": {
                    "version": "8.x-2.1",
                    "datestamp": "1478867639"
                }
            },
            "notification-url": "https://packages.drupal.org/8/downloads",
            "license": [
                "GPL-2.0+"
            ],
            "authors": [
                {
                    "name": "Cyclodex",
                    "homepage": "https://www.drupal.org/user/1305230"
                },
                {
                    "name": "Dave Reid",
                    "homepage": "https://www.drupal.org/user/53892"
                },
                {
                    "name": "Hydra",
                    "homepage": "https://www.drupal.org/user/647364"
                },
                {
                    "name": "Pol",
                    "homepage": "https://www.drupal.org/user/47194"
                },
                {
                    "name": "aidanlis",
                    "homepage": "https://www.drupal.org/user/502018"
                },
                {
                    "name": "arshadcn",
                    "homepage": "https://www.drupal.org/user/571032"
                },
                {
                    "name": "kalman.hosszu",
                    "homepage": "https://www.drupal.org/user/267481"
                },
                {
                    "name": "nagy.balint",
                    "homepage": "https://www.drupal.org/user/1763952"
                },
                {
                    "name": "supercabbageuk",
                    "homepage": "https://www.drupal.org/user/235438"
                }
            ],
            "description": "Add <a href=\"http://harvesthq.github.com/chosen/\">chosen</a> library definition.",
            "homepage": "https://www.drupal.org/project/chosen",
            "support": {
                "source": "http://cgit.drupalcode.org/chosen"
            }
        },
        {
            "name": "drupal/ctools",
            "version": "dev-3.x",
            "source": {
                "type": "git",
                "url": "https://git.drupal.org/project/ctools",
                "reference": "231e2649678d58901368a9e5681f36865ce84e73"
            },
            "require": {
                "drupal/core": "~8.0"
            },
            "suggest": {
                "drupal/core": "Required by drupal/ctools_views"
            },
            "type": "drupal-module",
            "extra": {
                "branch-alias": {
                    "dev-3.x": "3.x-dev"
                },
                "drupal": {
                    "version": "8.x-3.0-alpha27+0-dev",
                    "datestamp": "1471723439"
                }
            },
            "notification-url": "https://packages.drupal.org/8/downloads",
            "license": [
                "GPL-2.0+"
            ],
            "authors": [
                {
                    "name": "EclipseGc",
                    "homepage": "https://www.drupal.org/user/61203"
                },
                {
                    "name": "damiankloip",
                    "homepage": "https://www.drupal.org/user/1037976"
                },
                {
                    "name": "dawehner",
                    "homepage": "https://www.drupal.org/user/99340"
                },
                {
                    "name": "esmerel",
                    "homepage": "https://www.drupal.org/user/164022"
                },
                {
                    "name": "japerry",
                    "homepage": "https://www.drupal.org/user/45640"
                },
                {
                    "name": "merlinofchaos",
                    "homepage": "https://www.drupal.org/user/26979"
                },
                {
                    "name": "neclimdul",
                    "homepage": "https://www.drupal.org/user/48673"
                },
                {
                    "name": "sdboyer",
                    "homepage": "https://www.drupal.org/user/146719"
                },
                {
                    "name": "sun",
                    "homepage": "https://www.drupal.org/user/54136"
                },
                {
                    "name": "tim.plunkett",
                    "homepage": "https://www.drupal.org/user/241634"
                }
            ],
            "description": "Provides a number of utility and helper APIs for Drupal developers and site builders.",
            "homepage": "https://www.drupal.org/project/ctools",
            "support": {
                "source": "http://cgit.drupalcode.org/ctools"
            },
            "time": "2016-08-20 19:59:03"
        },
        {
            "name": "drupal/devel",
            "version": "dev-1.x",
            "source": {
                "type": "git",
                "url": "https://git.drupal.org/project/devel",
                "reference": "3e835801545e4fd9d2e406e2b8292b428b77f9cf"
            },
            "require": {
                "drupal/core": "~8.0"
            },
            "suggest": {
                "symfony/var-dumper": "Pretty print complex values better with var-dumper available"
            },
            "type": "drupal-module",
            "extra": {
                "branch-alias": {
                    "dev-1.x": "1.x-dev"
                },
                "drupal": {
                    "version": "8.x-1.0-beta1+2-dev",
                    "datestamp": "1480861983"
                }
            },
            "notification-url": "https://packages.drupal.org/8/downloads",
            "license": [
                "GPL-2.0+"
            ],
            "authors": [
                {
                    "name": "Moshe Weitzman",
                    "homepage": "https://github.com/weitzman",
                    "email": "weitzman@tejasa.com",
                    "role": "Maintainer"
                },
                {
                    "name": "catch",
                    "homepage": "https://www.drupal.org/user/35733"
                },
                {
                    "name": "effulgentsia",
                    "homepage": "https://www.drupal.org/user/78040"
                },
                {
                    "name": "juampynr",
                    "homepage": "https://www.drupal.org/user/682736"
                },
                {
                    "name": "lussoluca",
                    "homepage": "https://www.drupal.org/user/138068"
                },
                {
                    "name": "moshe weitzman",
                    "homepage": "https://www.drupal.org/user/23"
                },
                {
                    "name": "pcambra",
                    "homepage": "https://www.drupal.org/user/122101"
                },
                {
                    "name": "salvis",
                    "homepage": "https://www.drupal.org/user/82964"
                },
                {
                    "name": "willzyx",
                    "homepage": "https://www.drupal.org/user/1043862"
                },
                {
                    "name": "yched",
                    "homepage": "https://www.drupal.org/user/39567"
                }
            ],
            "description": "Various blocks, pages, and functions for developers.",
            "homepage": "http://drupal.org/project/devel",
            "support": {
                "source": "http://cgit.drupalcode.org/devel",
                "issues": "http://drupal.org/project/devel",
                "irc": "irc://irc.freenode.org/drupal-contribute"
            },
            "time": "2016-12-04 14:31:11"
        },
        {
            "name": "drupal/field_permissions",
            "version": "dev-1.x",
            "source": {
                "type": "git",
                "url": "https://git.drupal.org/project/field_permissions",
                "reference": "4a745222b4e2e53ddb2d53ec44270d96a91a94be"
            },
            "require": {
                "drupal/core": "~8.0"
            },
            "type": "drupal-module",
            "extra": {
                "branch-alias": {
                    "dev-1.x": "1.x-dev"
                },
                "drupal": {
                    "version": "8.x-1.0-beta1+5-dev",
                    "datestamp": "1469045939"
                }
            },
            "notification-url": "https://packages.drupal.org/8/downloads",
            "license": [
                "GPL-2.0+"
            ],
            "authors": [
                {
                    "name": "RobLoach",
                    "homepage": "https://www.drupal.org/user/61114"
                },
                {
                    "name": "jhedstrom",
                    "homepage": "https://www.drupal.org/user/208732"
                },
                {
                    "name": "mariacha1",
                    "homepage": "https://www.drupal.org/user/2210776"
                },
                {
                    "name": "markus_petrux",
                    "homepage": "https://www.drupal.org/user/39593"
                }
            ],
            "description": "The Field Permissions module allows site administrators to set field-level permissions to edit, view and create fields on any entity.",
            "homepage": "https://www.drupal.org/project/field_permissions",
            "support": {
                "source": "http://cgit.drupalcode.org/field_permissions",
                "issues": "https://www.drupal.org/project/issues/field_permissions"
            },
            "time": "2016-07-20 20:17:34"
        },
        {
            "name": "drupal/flag",
            "version": "dev-4.x",
            "source": {
                "type": "git",
                "url": "https://git.drupal.org/project/flag",
                "reference": "a30569be17e5e2e755f2bfd1c43376462835cbef"
            },
            "require": {
                "drupal/core": "~8.0"
            },
            "suggest": {
                "drupal/core": "Required by drupal/flag_bookmark"
            },
            "type": "drupal-module",
            "extra": {
                "branch-alias": {
                    "dev-4.x": "4.x-dev"
                },
                "drupal": {
                    "version": "8.x-4.x-dev",
                    "datestamp": "1481010783"
                }
            },
            "notification-url": "https://packages.drupal.org/8/downloads",
            "license": [
                "GPL-2.0+"
            ],
            "authors": [
                {
                    "name": "fago",
                    "homepage": "https://www.drupal.org/user/16747"
                },
                {
                    "name": "fubhy",
                    "homepage": "https://www.drupal.org/user/761344"
                },
                {
                    "name": "joachim",
                    "homepage": "https://www.drupal.org/user/107701"
                },
                {
                    "name": "merlinofchaos",
                    "homepage": "https://www.drupal.org/user/26979"
                },
                {
                    "name": "mooffie",
                    "homepage": "https://www.drupal.org/user/78454"
                },
                {
                    "name": "quicksketch",
                    "homepage": "https://www.drupal.org/user/35821"
                },
                {
                    "name": "shabana.navas",
                    "homepage": "https://www.drupal.org/user/1311398"
                },
                {
                    "name": "socketwench",
                    "homepage": "https://www.drupal.org/user/65793"
                }
            ],
            "description": "Create customized flags that users can set on entities.",
            "homepage": "https://www.drupal.org/project/flag",
            "support": {
                "source": "http://cgit.drupalcode.org/flag"
            },
            "time": "2016-12-06 07:50:36"
        },
        {
            "name": "drupal/pathauto",
            "version": "dev-1.x",
            "source": {
                "type": "git",
                "url": "https://git.drupal.org/project/pathauto",
                "reference": "369d3fa26fecfa236457b96b556a0de139de3221"
            },
            "require": {
                "drupal/core": "*",
                "drupal/ctools": "*",
                "drupal/token": "*"
            },
            "type": "drupal-module",
            "extra": {
                "branch-alias": {
                    "dev-1.x": "1.x-dev"
                },
                "drupal": {
                    "version": "8.x-1.0-beta1+6-dev",
                    "datestamp": "1481053683"
                }
            },
            "notification-url": "https://packages.drupal.org/8/downloads",
            "license": [
                "GPL-2.0+"
            ],
            "authors": [
                {
                    "name": "Berdir",
                    "homepage": "https://www.drupal.org/user/214652"
                },
                {
                    "name": "Dave Reid",
                    "homepage": "https://www.drupal.org/user/53892"
                },
                {
                    "name": "Freso",
                    "homepage": "https://www.drupal.org/user/27504"
                },
                {
                    "name": "greggles",
                    "homepage": "https://www.drupal.org/user/36762"
                }
            ],
            "description": "Provides a mechanism for modules to automatically generate aliases for the content they manage.",
            "homepage": "https://www.drupal.org/project/pathauto",
            "support": {
                "source": "http://cgit.drupalcode.org/pathauto"
            },
            "time": "2016-12-06 19:47:16"
        },
        {
            "name": "drupal/shs",
            "version": "dev-1.x",
            "source": {
                "type": "git",
                "url": "https://git.drupal.org/project/shs",
                "reference": "ff8db0496466b613a3d1b1de47e884d4d105f64a"
            },
            "require": {
                "drupal/core": "*"
            },
            "suggest": {
                "drupal/chosen": "Required by drupal/shs_chosen"
            },
            "type": "drupal-module",
            "extra": {
                "branch-alias": {
                    "dev-1.x": "1.x-dev"
                },
                "drupal": {
                    "version": "8.x-1.0-alpha1+31-dev",
                    "datestamp": "1480483983"
                }
            },
            "notification-url": "https://packages.drupal.org/8/downloads",
            "license": [
                "GPL-2.0+"
            ],
            "authors": [
                {
                    "name": "stBorchert",
                    "homepage": "https://www.drupal.org/user/36942"
                }
            ],
            "description": "Creates a simple hierarchical select widget for taxonomy fields.",
            "homepage": "https://www.drupal.org/project/shs",
            "support": {
                "source": "http://cgit.drupalcode.org/shs"
            },
            "time": "2016-11-30 05:32:31"
        },
        {
            "name": "drupal/token",
            "version": "1.0.0-beta2",
            "source": {
                "type": "git",
                "url": "https://git.drupal.org/project/token",
                "reference": "8.x-1.0-beta2"
            },
            "dist": {
                "type": "zip",
                "url": "https://ftp.drupal.org/files/projects/token-8.x-1.0-beta2.zip",
                "reference": "8.x-1.0-beta2",
                "shasum": "b838318eddf46e4f382489de5516ab916257c393"
            },
            "require": {
                "drupal/core": "~8.0"
            },
            "type": "drupal-module",
            "extra": {
                "branch-alias": {
                    "dev-1.x": "1.x-dev"
                },
                "drupal": {
                    "version": "8.x-1.0-beta2",
                    "datestamp": "1474367039"
                }
            },
            "notification-url": "https://packages.drupal.org/8/downloads",
            "license": [
                "GPL-2.0+"
            ],
            "authors": [
                {
                    "name": "Berdir",
                    "homepage": "https://www.drupal.org/user/214652"
                },
                {
                    "name": "Dave Reid",
                    "homepage": "https://www.drupal.org/user/53892"
                },
                {
                    "name": "eaton",
                    "homepage": "https://www.drupal.org/user/16496"
                },
                {
                    "name": "fago",
                    "homepage": "https://www.drupal.org/user/16747"
                },
                {
                    "name": "greggles",
                    "homepage": "https://www.drupal.org/user/36762"
                },
                {
                    "name": "mikeryan",
                    "homepage": "https://www.drupal.org/user/4420"
                }
            ],
            "description": "Provides a user interface for the Token API and some missing core tokens.",
            "homepage": "https://www.drupal.org/project/token",
            "support": {
                "source": "http://cgit.drupalcode.org/token",
                "issues": "https://www.drupal.org/project/issues/token"
            }
        },
        {
            "name": "kriswallsmith/assetic",
            "version": "v1.4.0",
            "source": {
                "type": "git",
                "url": "https://github.com/kriswallsmith/assetic.git",
                "reference": "e911c437dbdf006a8f62c2f59b15b2d69a5e0aa1"
            },
            "dist": {
                "type": "zip",
                "url": "https://api.github.com/repos/kriswallsmith/assetic/zipball/e911c437dbdf006a8f62c2f59b15b2d69a5e0aa1",
                "reference": "e911c437dbdf006a8f62c2f59b15b2d69a5e0aa1",
                "shasum": ""
            },
            "require": {
                "php": ">=5.3.1",
                "symfony/process": "~2.1|~3.0"
            },
            "conflict": {
                "twig/twig": "<1.27"
            },
            "require-dev": {
                "leafo/lessphp": "^0.3.7",
                "leafo/scssphp": "~0.1",
                "meenie/javascript-packer": "^1.1",
                "mrclay/minify": "<2.3",
                "natxet/cssmin": "3.0.4",
                "patchwork/jsqueeze": "~1.0|~2.0",
                "phpunit/phpunit": "~4.8 || ^5.6",
                "psr/log": "~1.0",
                "ptachoire/cssembed": "~1.0",
                "symfony/phpunit-bridge": "~2.7|~3.0",
                "twig/twig": "~1.23|~2.0",
                "yfix/packager": "dev-master"
            },
            "suggest": {
                "leafo/lessphp": "Assetic provides the integration with the lessphp LESS compiler",
                "leafo/scssphp": "Assetic provides the integration with the scssphp SCSS compiler",
                "leafo/scssphp-compass": "Assetic provides the integration with the SCSS compass plugin",
                "patchwork/jsqueeze": "Assetic provides the integration with the JSqueeze JavaScript compressor",
                "ptachoire/cssembed": "Assetic provides the integration with phpcssembed to embed data uris",
                "twig/twig": "Assetic provides the integration with the Twig templating engine"
            },
            "type": "library",
            "extra": {
                "branch-alias": {
                    "dev-master": "1.4-dev"
                }
            },
            "autoload": {
                "psr-0": {
                    "Assetic": "src/"
                },
                "files": [
                    "src/functions.php"
                ]
            },
            "notification-url": "https://packagist.org/downloads/",
            "license": [
                "MIT"
            ],
            "authors": [
                {
                    "name": "Kris Wallsmith",
                    "email": "kris.wallsmith@gmail.com",
                    "homepage": "http://kriswallsmith.net/"
                }
            ],
            "description": "Asset Management for PHP",
            "homepage": "https://github.com/kriswallsmith/assetic",
            "keywords": [
                "assets",
                "compression",
                "minification"
            ],
            "time": "2016-11-11 18:43:20"
        },
        {
            "name": "robloach/component-installer",
            "version": "0.2.3",
            "source": {
                "type": "git",
                "url": "https://github.com/RobLoach/component-installer.git",
                "reference": "908a859aa7c4949ba9ad67091e67bac10b66d3d7"
            },
            "dist": {
                "type": "zip",
                "url": "https://api.github.com/repos/RobLoach/component-installer/zipball/908a859aa7c4949ba9ad67091e67bac10b66d3d7",
                "reference": "908a859aa7c4949ba9ad67091e67bac10b66d3d7",
                "shasum": ""
            },
            "require": {
                "composer-plugin-api": "^1.0",
                "kriswallsmith/assetic": "1.*",
                "php": ">=5.3.2"
            },
            "require-dev": {
                "composer/composer": "1.*@alpha",
                "phpunit/phpunit": "4.*"
            },
            "type": "composer-plugin",
            "extra": {
                "branch-alias": {
                    "dev-master": "1.0.x-dev"
                },
                "class": "ComponentInstaller\\ComponentInstallerPlugin"
            },
            "autoload": {
                "psr-0": {
                    "ComponentInstaller": "src/"
                }
            },
            "notification-url": "https://packagist.org/downloads/",
            "license": [
                "MIT"
            ],
            "authors": [
                {
                    "name": "Rob Loach",
                    "homepage": "http://robloach.net"
                }
            ],
            "description": "Allows installation of Components via Composer.",
            "time": "2015-08-10 12:35:38"
        },
        {
            "name": "symfony/process",
            "version": "v3.2.0",
            "source": {
                "type": "git",
                "url": "https://github.com/symfony/process.git",
                "reference": "02ea84847aad71be7e32056408bb19f3a616cdd3"
            },
            "dist": {
                "type": "zip",
                "url": "https://api.github.com/repos/symfony/process/zipball/02ea84847aad71be7e32056408bb19f3a616cdd3",
                "reference": "02ea84847aad71be7e32056408bb19f3a616cdd3",
                "shasum": ""
            },
            "require": {
                "php": ">=5.5.9"
            },
            "type": "library",
            "extra": {
                "branch-alias": {
                    "dev-master": "3.2-dev"
                }
            },
            "autoload": {
                "psr-4": {
                    "Symfony\\Component\\Process\\": ""
                },
                "exclude-from-classmap": [
                    "/Tests/"
                ]
            },
            "notification-url": "https://packagist.org/downloads/",
            "license": [
                "MIT"
            ],
            "authors": [
                {
                    "name": "Fabien Potencier",
                    "email": "fabien@symfony.com"
                },
                {
                    "name": "Symfony Community",
                    "homepage": "https://symfony.com/contributors"
                }
            ],
            "description": "Symfony Process Component",
            "homepage": "https://symfony.com",
            "time": "2016-11-24 10:40:28"
        },
        {
            "name": "wikimedia/composer-merge-plugin",
            "version": "v1.3.1",
            "source": {
                "type": "git",
                "url": "https://github.com/wikimedia/composer-merge-plugin.git",
                "reference": "0bdf8543d445ee067c9ba7d5d4a5dde70b9785f4"
            },
            "dist": {
                "type": "zip",
                "url": "https://api.github.com/repos/wikimedia/composer-merge-plugin/zipball/0bdf8543d445ee067c9ba7d5d4a5dde70b9785f4",
                "reference": "0bdf8543d445ee067c9ba7d5d4a5dde70b9785f4",
                "shasum": ""
            },
            "require": {
                "composer-plugin-api": "^1.0",
                "php": ">=5.3.2"
            },
            "require-dev": {
                "composer/composer": "1.0.*@dev",
                "jakub-onderka/php-parallel-lint": "~0.8",
                "phpunit/phpunit": "~4.8|~5.0",
                "squizlabs/php_codesniffer": "~2.1.0"
            },
            "type": "composer-plugin",
            "extra": {
                "branch-alias": {
                    "dev-master": "1.3.x-dev"
                },
                "class": "Wikimedia\\Composer\\MergePlugin"
            },
            "autoload": {
                "psr-4": {
                    "Wikimedia\\Composer\\": "src/"
                }
            },
            "notification-url": "https://packagist.org/downloads/",
            "license": [
                "MIT"
            ],
            "authors": [
                {
                    "name": "Bryan Davis",
                    "email": "bd808@wikimedia.org"
                }
            ],
            "description": "Composer plugin to merge multiple composer.json files",
            "time": "2016-03-08 17:11:37"
        }
    ],
    "packages-dev": [],
    "aliases": [],
    "minimum-stability": "dev",
    "stability-flags": {
        "drupal/pathauto": 20,
        "drupal/ctools": 20,
        "drupal/devel": 20,
        "drupal/flag": 20,
        "drupal/field_permissions": 20,
        "drupal/shs": 20
    },
    "prefer-stable": true,
    "prefer-lowest": false,
    "platform": [],
    "platform-dev": []
}
